// !$*UTF8*$!
{
	archiveVersion = 1;
	classes = {
	};
	objectVersion = 46;
	objects = {

/* Begin PBXBuildFile section */
		8485A8A717C178AF00D3348A /* AddressBookUI.framework in Frameworks */ = {isa = PBXBuildFile; fileRef = 8485A8A617C178AF00D3348A /* AddressBookUI.framework */; };
		84BDE19117C7B11000C47B65 /* mqttitudeAppDelegate.m in Sources */ = {isa = PBXBuildFile; fileRef = 84BDE18617C7B11000C47B65 /* mqttitudeAppDelegate.m */; };
		84BDE19217C7B11000C47B65 /* mqttitudeIndicatorView.m in Sources */ = {isa = PBXBuildFile; fileRef = 84BDE18817C7B11000C47B65 /* mqttitudeIndicatorView.m */; };
		84BDE19317C7B11000C47B65 /* mqttitudeLogTVCViewController.m in Sources */ = {isa = PBXBuildFile; fileRef = 84BDE18A17C7B11000C47B65 /* mqttitudeLogTVCViewController.m */; };
		84BDE19417C7B11000C47B65 /* mqttitudeQoSTVC.m in Sources */ = {isa = PBXBuildFile; fileRef = 84BDE18C17C7B11000C47B65 /* mqttitudeQoSTVC.m */; };
		84BDE19517C7B11000C47B65 /* mqttitudeSettingsTVCViewController.m in Sources */ = {isa = PBXBuildFile; fileRef = 84BDE18E17C7B11000C47B65 /* mqttitudeSettingsTVCViewController.m */; };
		84BDE19617C7B11000C47B65 /* mqttitudeViewController.m in Sources */ = {isa = PBXBuildFile; fileRef = 84BDE19017C7B11000C47B65 /* mqttitudeViewController.m */; };
		84BDE19F17C7B12C00C47B65 /* Annotation.m in Sources */ = {isa = PBXBuildFile; fileRef = 84BDE19817C7B12C00C47B65 /* Annotation.m */; };
		84BDE1A017C7B12C00C47B65 /* ConnectionThread.m in Sources */ = {isa = PBXBuildFile; fileRef = 84BDE19A17C7B12C00C47B65 /* ConnectionThread.m */; };
		84BDE1A117C7B12C00C47B65 /* LogEntry.m in Sources */ = {isa = PBXBuildFile; fileRef = 84BDE19C17C7B12C00C47B65 /* LogEntry.m */; };
		84BDE1A217C7B12C00C47B65 /* Logs.m in Sources */ = {isa = PBXBuildFile; fileRef = 84BDE19E17C7B12C00C47B65 /* Logs.m */; };
		84BDE1A817C7B15F00C47B65 /* icon_57x57.png in Resources */ = {isa = PBXBuildFile; fileRef = 84BDE1A717C7B15F00C47B65 /* icon_57x57.png */; };
		84BDE1AA17C7B16800C47B65 /* icon_114x114.png in Resources */ = {isa = PBXBuildFile; fileRef = 84BDE1A917C7B16700C47B65 /* icon_114x114.png */; };
		84BDE1B617C7B1D600C47B65 /* MQTTDecoder.m in Sources */ = {isa = PBXBuildFile; fileRef = 84BDE1AD17C7B1D600C47B65 /* MQTTDecoder.m */; };
		84BDE1B717C7B1D600C47B65 /* MQTTEncoder.m in Sources */ = {isa = PBXBuildFile; fileRef = 84BDE1AF17C7B1D600C47B65 /* MQTTEncoder.m */; };
		84BDE1B817C7B1D600C47B65 /* MQTTMessage.m in Sources */ = {isa = PBXBuildFile; fileRef = 84BDE1B117C7B1D600C47B65 /* MQTTMessage.m */; };
		84BDE1B917C7B1D600C47B65 /* MQTTSession.m in Sources */ = {isa = PBXBuildFile; fileRef = 84BDE1B317C7B1D600C47B65 /* MQTTSession.m */; };
		84BDE1BA17C7B1D600C47B65 /* MQttTxFlow.m in Sources */ = {isa = PBXBuildFile; fileRef = 84BDE1B517C7B1D600C47B65 /* MQttTxFlow.m */; };
		84BDE1BF17C7B3B800C47B65 /* iTunesArtwork in Resources */ = {isa = PBXBuildFile; fileRef = 84BDE1BB17C7B3B800C47B65 /* iTunesArtwork */; };
		84BDE1C017C7B3B800C47B65 /* iTunesArtwork.png in Resources */ = {isa = PBXBuildFile; fileRef = 84BDE1BC17C7B3B800C47B65 /* iTunesArtwork.png */; };
		84BDE1C117C7B3B800C47B65 /* iTunesArtwork@2x in Resources */ = {isa = PBXBuildFile; fileRef = 84BDE1BD17C7B3B800C47B65 /* iTunesArtwork@2x */; };
		84BDE1C217C7B3B800C47B65 /* iTunesArtwork@2x.png in Resources */ = {isa = PBXBuildFile; fileRef = 84BDE1BE17C7B3B800C47B65 /* iTunesArtwork@2x.png */; };
		84BDE1C517C7B46F00C47B65 /* icon_72x72.png in Resources */ = {isa = PBXBuildFile; fileRef = 84BDE1C317C7B46F00C47B65 /* icon_72x72.png */; };
		84BDE1C617C7B46F00C47B65 /* icon_144x144.png in Resources */ = {isa = PBXBuildFile; fileRef = 84BDE1C417C7B46F00C47B65 /* icon_144x144.png */; };
		84CF9A0917BEED5B00E1333C /* UIKit.framework in Frameworks */ = {isa = PBXBuildFile; fileRef = 84CF9A0817BEED5B00E1333C /* UIKit.framework */; };
		84CF9A0B17BEED5B00E1333C /* Foundation.framework in Frameworks */ = {isa = PBXBuildFile; fileRef = 84CF9A0A17BEED5B00E1333C /* Foundation.framework */; };
		84CF9A0D17BEED5B00E1333C /* CoreGraphics.framework in Frameworks */ = {isa = PBXBuildFile; fileRef = 84CF9A0C17BEED5B00E1333C /* CoreGraphics.framework */; };
		84CF9A1517BEED5B00E1333C /* main.m in Sources */ = {isa = PBXBuildFile; fileRef = 84CF9A1417BEED5B00E1333C /* main.m */; };
		84CF9A1B17BEED5B00E1333C /* Default.png in Resources */ = {isa = PBXBuildFile; fileRef = 84CF9A1A17BEED5B00E1333C /* Default.png */; };
		84CF9A1D17BEED5B00E1333C /* Default@2x.png in Resources */ = {isa = PBXBuildFile; fileRef = 84CF9A1C17BEED5B00E1333C /* Default@2x.png */; };
		84CF9A1F17BEED5B00E1333C /* Default-568h@2x.png in Resources */ = {isa = PBXBuildFile; fileRef = 84CF9A1E17BEED5B00E1333C /* Default-568h@2x.png */; };
		84CF9A5017BEF43D00E1333C /* CFNetwork.framework in Frameworks */ = {isa = PBXBuildFile; fileRef = 84CF9A4F17BEF43D00E1333C /* CFNetwork.framework */; };
		84CF9A5217BEF44F00E1333C /* MapKit.framework in Frameworks */ = {isa = PBXBuildFile; fileRef = 84CF9A5117BEF44F00E1333C /* MapKit.framework */; };
		84CF9A5417BEF45800E1333C /* CoreLocation.framework in Frameworks */ = {isa = PBXBuildFile; fileRef = 84CF9A5317BEF45700E1333C /* CoreLocation.framework */; };
		84F93C0117C027F60060E809 /* MainStoryboard_iPhone.storyboard in Resources */ = {isa = PBXBuildFile; fileRef = 84F93C0317C027F60060E809 /* MainStoryboard_iPhone.storyboard */; };
		84F93C0717C029580060E809 /* Localizable.strings in Resources */ = {isa = PBXBuildFile; fileRef = 84F93C0517C029580060E809 /* Localizable.strings */; };
/* End PBXBuildFile section */

/* Begin PBXFileReference section */
		8408E30417C21A5700068C49 /* de */ = {isa = PBXFileReference; lastKnownFileType = text.plist.strings; name = de; path = de.lproj/MainStoryboard_iPhone.strings; sourceTree = "<group>"; };
		847C9EF617C3DE3A00109BD1 /* en */ = {isa = PBXFileReference; lastKnownFileType = text.plist.strings; name = en; path = en.lproj/MainStoryboard_iPhone.strings; sourceTree = "<group>"; };
		8485A8A617C178AF00D3348A /* AddressBookUI.framework */ = {isa = PBXFileReference; lastKnownFileType = wrapper.framework; name = AddressBookUI.framework; path = System/Library/Frameworks/AddressBookUI.framework; sourceTree = SDKROOT; };
		84BDE18517C7B11000C47B65 /* mqttitudeAppDelegate.h */ = {isa = PBXFileReference; fileEncoding = 4; lastKnownFileType = sourcecode.c.h; path = mqttitudeAppDelegate.h; sourceTree = "<group>"; };
		84BDE18617C7B11000C47B65 /* mqttitudeAppDelegate.m */ = {isa = PBXFileReference; fileEncoding = 4; lastKnownFileType = sourcecode.c.objc; path = mqttitudeAppDelegate.m; sourceTree = "<group>"; };
		84BDE18717C7B11000C47B65 /* mqttitudeIndicatorView.h */ = {isa = PBXFileReference; fileEncoding = 4; lastKnownFileType = sourcecode.c.h; path = mqttitudeIndicatorView.h; sourceTree = "<group>"; };
		84BDE18817C7B11000C47B65 /* mqttitudeIndicatorView.m */ = {isa = PBXFileReference; fileEncoding = 4; lastKnownFileType = sourcecode.c.objc; path = mqttitudeIndicatorView.m; sourceTree = "<group>"; };
		84BDE18917C7B11000C47B65 /* mqttitudeLogTVCViewController.h */ = {isa = PBXFileReference; fileEncoding = 4; lastKnownFileType = sourcecode.c.h; path = mqttitudeLogTVCViewController.h; sourceTree = "<group>"; };
		84BDE18A17C7B11000C47B65 /* mqttitudeLogTVCViewController.m */ = {isa = PBXFileReference; fileEncoding = 4; lastKnownFileType = sourcecode.c.objc; path = mqttitudeLogTVCViewController.m; sourceTree = "<group>"; };
		84BDE18B17C7B11000C47B65 /* mqttitudeQoSTVC.h */ = {isa = PBXFileReference; fileEncoding = 4; lastKnownFileType = sourcecode.c.h; path = mqttitudeQoSTVC.h; sourceTree = "<group>"; };
		84BDE18C17C7B11000C47B65 /* mqttitudeQoSTVC.m */ = {isa = PBXFileReference; fileEncoding = 4; lastKnownFileType = sourcecode.c.objc; path = mqttitudeQoSTVC.m; sourceTree = "<group>"; };
		84BDE18D17C7B11000C47B65 /* mqttitudeSettingsTVCViewController.h */ = {isa = PBXFileReference; fileEncoding = 4; lastKnownFileType = sourcecode.c.h; path = mqttitudeSettingsTVCViewController.h; sourceTree = "<group>"; };
		84BDE18E17C7B11000C47B65 /* mqttitudeSettingsTVCViewController.m */ = {isa = PBXFileReference; fileEncoding = 4; lastKnownFileType = sourcecode.c.objc; path = mqttitudeSettingsTVCViewController.m; sourceTree = "<group>"; };
		84BDE18F17C7B11000C47B65 /* mqttitudeViewController.h */ = {isa = PBXFileReference; fileEncoding = 4; lastKnownFileType = sourcecode.c.h; path = mqttitudeViewController.h; sourceTree = "<group>"; };
		84BDE19017C7B11000C47B65 /* mqttitudeViewController.m */ = {isa = PBXFileReference; fileEncoding = 4; lastKnownFileType = sourcecode.c.objc; path = mqttitudeViewController.m; sourceTree = "<group>"; };
		84BDE19717C7B12C00C47B65 /* Annotation.h */ = {isa = PBXFileReference; fileEncoding = 4; lastKnownFileType = sourcecode.c.h; path = Annotation.h; sourceTree = "<group>"; };
		84BDE19817C7B12C00C47B65 /* Annotation.m */ = {isa = PBXFileReference; fileEncoding = 4; lastKnownFileType = sourcecode.c.objc; path = Annotation.m; sourceTree = "<group>"; };
		84BDE19917C7B12C00C47B65 /* ConnectionThread.h */ = {isa = PBXFileReference; fileEncoding = 4; lastKnownFileType = sourcecode.c.h; path = ConnectionThread.h; sourceTree = "<group>"; };
		84BDE19A17C7B12C00C47B65 /* ConnectionThread.m */ = {isa = PBXFileReference; fileEncoding = 4; lastKnownFileType = sourcecode.c.objc; path = ConnectionThread.m; sourceTree = "<group>"; };
		84BDE19B17C7B12C00C47B65 /* LogEntry.h */ = {isa = PBXFileReference; fileEncoding = 4; lastKnownFileType = sourcecode.c.h; path = LogEntry.h; sourceTree = "<group>"; };
		84BDE19C17C7B12C00C47B65 /* LogEntry.m */ = {isa = PBXFileReference; fileEncoding = 4; lastKnownFileType = sourcecode.c.objc; path = LogEntry.m; sourceTree = "<group>"; };
		84BDE19D17C7B12C00C47B65 /* Logs.h */ = {isa = PBXFileReference; fileEncoding = 4; lastKnownFileType = sourcecode.c.h; path = Logs.h; sourceTree = "<group>"; };
		84BDE19E17C7B12C00C47B65 /* Logs.m */ = {isa = PBXFileReference; fileEncoding = 4; lastKnownFileType = sourcecode.c.objc; path = Logs.m; sourceTree = "<group>"; };
		84BDE1A717C7B15F00C47B65 /* icon_57x57.png */ = {isa = PBXFileReference; lastKnownFileType = image.png; path = icon_57x57.png; sourceTree = "<group>"; };
		84BDE1A917C7B16700C47B65 /* icon_114x114.png */ = {isa = PBXFileReference; lastKnownFileType = image.png; path = icon_114x114.png; sourceTree = "<group>"; };
		84BDE1AC17C7B1D600C47B65 /* MQTTDecoder.h */ = {isa = PBXFileReference; fileEncoding = 4; lastKnownFileType = sourcecode.c.h; path = MQTTDecoder.h; sourceTree = "<group>"; };
		84BDE1AD17C7B1D600C47B65 /* MQTTDecoder.m */ = {isa = PBXFileReference; fileEncoding = 4; lastKnownFileType = sourcecode.c.objc; path = MQTTDecoder.m; sourceTree = "<group>"; };
		84BDE1AE17C7B1D600C47B65 /* MQTTEncoder.h */ = {isa = PBXFileReference; fileEncoding = 4; lastKnownFileType = sourcecode.c.h; path = MQTTEncoder.h; sourceTree = "<group>"; };
		84BDE1AF17C7B1D600C47B65 /* MQTTEncoder.m */ = {isa = PBXFileReference; fileEncoding = 4; lastKnownFileType = sourcecode.c.objc; path = MQTTEncoder.m; sourceTree = "<group>"; };
		84BDE1B017C7B1D600C47B65 /* MQTTMessage.h */ = {isa = PBXFileReference; fileEncoding = 4; lastKnownFileType = sourcecode.c.h; path = MQTTMessage.h; sourceTree = "<group>"; };
		84BDE1B117C7B1D600C47B65 /* MQTTMessage.m */ = {isa = PBXFileReference; fileEncoding = 4; lastKnownFileType = sourcecode.c.objc; path = MQTTMessage.m; sourceTree = "<group>"; };
		84BDE1B217C7B1D600C47B65 /* MQTTSession.h */ = {isa = PBXFileReference; fileEncoding = 4; lastKnownFileType = sourcecode.c.h; path = MQTTSession.h; sourceTree = "<group>"; };
		84BDE1B317C7B1D600C47B65 /* MQTTSession.m */ = {isa = PBXFileReference; fileEncoding = 4; lastKnownFileType = sourcecode.c.objc; path = MQTTSession.m; sourceTree = "<group>"; };
		84BDE1B417C7B1D600C47B65 /* MQttTxFlow.h */ = {isa = PBXFileReference; fileEncoding = 4; lastKnownFileType = sourcecode.c.h; path = MQttTxFlow.h; sourceTree = "<group>"; };
		84BDE1B517C7B1D600C47B65 /* MQttTxFlow.m */ = {isa = PBXFileReference; fileEncoding = 4; lastKnownFileType = sourcecode.c.objc; path = MQttTxFlow.m; sourceTree = "<group>"; };
		84BDE1BB17C7B3B800C47B65 /* iTunesArtwork */ = {isa = PBXFileReference; lastKnownFileType = file; path = iTunesArtwork; sourceTree = "<group>"; };
		84BDE1BC17C7B3B800C47B65 /* iTunesArtwork.png */ = {isa = PBXFileReference; lastKnownFileType = image.png; path = iTunesArtwork.png; sourceTree = "<group>"; };
		84BDE1BD17C7B3B800C47B65 /* iTunesArtwork@2x */ = {isa = PBXFileReference; lastKnownFileType = file; path = "iTunesArtwork@2x"; sourceTree = "<group>"; };
		84BDE1BE17C7B3B800C47B65 /* iTunesArtwork@2x.png */ = {isa = PBXFileReference; lastKnownFileType = image.png; path = "iTunesArtwork@2x.png"; sourceTree = "<group>"; };
		84BDE1C317C7B46F00C47B65 /* icon_72x72.png */ = {isa = PBXFileReference; lastKnownFileType = image.png; path = icon_72x72.png; sourceTree = "<group>"; };
		84BDE1C417C7B46F00C47B65 /* icon_144x144.png */ = {isa = PBXFileReference; lastKnownFileType = image.png; path = icon_144x144.png; sourceTree = "<group>"; };
		84CF9A0517BEED5B00E1333C /* MQTTitude.app */ = {isa = PBXFileReference; explicitFileType = wrapper.application; includeInIndex = 0; path = MQTTitude.app; sourceTree = BUILT_PRODUCTS_DIR; };
		84CF9A0817BEED5B00E1333C /* UIKit.framework */ = {isa = PBXFileReference; lastKnownFileType = wrapper.framework; name = UIKit.framework; path = System/Library/Frameworks/UIKit.framework; sourceTree = SDKROOT; };
		84CF9A0A17BEED5B00E1333C /* Foundation.framework */ = {isa = PBXFileReference; lastKnownFileType = wrapper.framework; name = Foundation.framework; path = System/Library/Frameworks/Foundation.framework; sourceTree = SDKROOT; };
		84CF9A0C17BEED5B00E1333C /* CoreGraphics.framework */ = {isa = PBXFileReference; lastKnownFileType = wrapper.framework; name = CoreGraphics.framework; path = System/Library/Frameworks/CoreGraphics.framework; sourceTree = SDKROOT; };
		84CF9A1017BEED5B00E1333C /* mqttitude-Info.plist */ = {isa = PBXFileReference; lastKnownFileType = text.plist.xml; path = "mqttitude-Info.plist"; sourceTree = "<group>"; };
		84CF9A1417BEED5B00E1333C /* main.m */ = {isa = PBXFileReference; lastKnownFileType = sourcecode.c.objc; path = main.m; sourceTree = "<group>"; };
		84CF9A1617BEED5B00E1333C /* mqttitude-Prefix.pch */ = {isa = PBXFileReference; lastKnownFileType = sourcecode.c.h; path = "mqttitude-Prefix.pch"; sourceTree = "<group>"; };
		84CF9A1A17BEED5B00E1333C /* Default.png */ = {isa = PBXFileReference; lastKnownFileType = image.png; path = Default.png; sourceTree = "<group>"; };
		84CF9A1C17BEED5B00E1333C /* Default@2x.png */ = {isa = PBXFileReference; lastKnownFileType = image.png; path = "Default@2x.png"; sourceTree = "<group>"; };
		84CF9A1E17BEED5B00E1333C /* Default-568h@2x.png */ = {isa = PBXFileReference; lastKnownFileType = image.png; path = "Default-568h@2x.png"; sourceTree = "<group>"; };
		84CF9A4F17BEF43D00E1333C /* CFNetwork.framework */ = {isa = PBXFileReference; lastKnownFileType = wrapper.framework; name = CFNetwork.framework; path = System/Library/Frameworks/CFNetwork.framework; sourceTree = SDKROOT; };
		84CF9A5117BEF44F00E1333C /* MapKit.framework */ = {isa = PBXFileReference; lastKnownFileType = wrapper.framework; name = MapKit.framework; path = System/Library/Frameworks/MapKit.framework; sourceTree = SDKROOT; };
		84CF9A5317BEF45700E1333C /* CoreLocation.framework */ = {isa = PBXFileReference; lastKnownFileType = wrapper.framework; name = CoreLocation.framework; path = System/Library/Frameworks/CoreLocation.framework; sourceTree = SDKROOT; };
		84F93C0417C028690060E809 /* Base */ = {isa = PBXFileReference; lastKnownFileType = file.storyboard; name = Base; path = Base.lproj/MainStoryboard_iPhone.storyboard; sourceTree = "<group>"; };
		84F93C0617C029580060E809 /* en */ = {isa = PBXFileReference; lastKnownFileType = text.plist.strings; name = en; path = en.lproj/Localizable.strings; sourceTree = "<group>"; };
		84F93C0917C02A030060E809 /* de */ = {isa = PBXFileReference; lastKnownFileType = text.plist.strings; name = de; path = de.lproj/Localizable.strings; sourceTree = "<group>"; };
/* End PBXFileReference section */

/* Begin PBXFrameworksBuildPhase section */
		84CF9A0217BEED5B00E1333C /* Frameworks */ = {
			isa = PBXFrameworksBuildPhase;
			buildActionMask = 2147483647;
			files = (
				8485A8A717C178AF00D3348A /* AddressBookUI.framework in Frameworks */,
				84CF9A5417BEF45800E1333C /* CoreLocation.framework in Frameworks */,
				84CF9A5217BEF44F00E1333C /* MapKit.framework in Frameworks */,
				84CF9A5017BEF43D00E1333C /* CFNetwork.framework in Frameworks */,
				84CF9A0917BEED5B00E1333C /* UIKit.framework in Frameworks */,
				84CF9A0B17BEED5B00E1333C /* Foundation.framework in Frameworks */,
				84CF9A0D17BEED5B00E1333C /* CoreGraphics.framework in Frameworks */,
			);
			runOnlyForDeploymentPostprocessing = 0;
		};
/* End PBXFrameworksBuildPhase section */

/* Begin PBXGroup section */
		84BDE1AB17C7B1D600C47B65 /* mqtt */ = {
			isa = PBXGroup;
			children = (
				84BDE1AC17C7B1D600C47B65 /* MQTTDecoder.h */,
				84BDE1AD17C7B1D600C47B65 /* MQTTDecoder.m */,
				84BDE1AE17C7B1D600C47B65 /* MQTTEncoder.h */,
				84BDE1AF17C7B1D600C47B65 /* MQTTEncoder.m */,
				84BDE1B017C7B1D600C47B65 /* MQTTMessage.h */,
				84BDE1B117C7B1D600C47B65 /* MQTTMessage.m */,
				84BDE1B217C7B1D600C47B65 /* MQTTSession.h */,
				84BDE1B317C7B1D600C47B65 /* MQTTSession.m */,
				84BDE1B417C7B1D600C47B65 /* MQttTxFlow.h */,
				84BDE1B517C7B1D600C47B65 /* MQttTxFlow.m */,
			);
			name = mqtt;
			path = mqttitude/mqtt;
			sourceTree = "<group>";
		};
		84CF99FC17BEED5B00E1333C = {
			isa = PBXGroup;
			children = (
				84BDE1A917C7B16700C47B65 /* icon_114x114.png */,
				84BDE1A717C7B15F00C47B65 /* icon_57x57.png */,
				84BDE1C317C7B46F00C47B65 /* icon_72x72.png */,
				84BDE1C417C7B46F00C47B65 /* icon_144x144.png */,
				84BDE1BB17C7B3B800C47B65 /* iTunesArtwork */,
				84BDE1BC17C7B3B800C47B65 /* iTunesArtwork.png */,
				84BDE1BD17C7B3B800C47B65 /* iTunesArtwork@2x */,
				84BDE1BE17C7B3B800C47B65 /* iTunesArtwork@2x.png */,
				84BDE1AB17C7B1D600C47B65 /* mqtt */,
				84CF9A0E17BEED5B00E1333C /* mqttitude */,
				84CF9A0717BEED5B00E1333C /* Frameworks */,
				84CF9A0617BEED5B00E1333C /* Products */,
			);
			sourceTree = "<group>";
		};
		84CF9A0617BEED5B00E1333C /* Products */ = {
			isa = PBXGroup;
			children = (
				84CF9A0517BEED5B00E1333C /* MQTTitude.app */,
			);
			name = Products;
			sourceTree = "<group>";
		};
		84CF9A0717BEED5B00E1333C /* Frameworks */ = {
			isa = PBXGroup;
			children = (
				8485A8A617C178AF00D3348A /* AddressBookUI.framework */,
				84CF9A5317BEF45700E1333C /* CoreLocation.framework */,
				84CF9A5117BEF44F00E1333C /* MapKit.framework */,
				84CF9A4F17BEF43D00E1333C /* CFNetwork.framework */,
				84CF9A0817BEED5B00E1333C /* UIKit.framework */,
				84CF9A0A17BEED5B00E1333C /* Foundation.framework */,
				84CF9A0C17BEED5B00E1333C /* CoreGraphics.framework */,
			);
			name = Frameworks;
			sourceTree = "<group>";
		};
		84CF9A0E17BEED5B00E1333C /* mqttitude */ = {
			isa = PBXGroup;
			children = (
				84BDE19717C7B12C00C47B65 /* Annotation.h */,
				84BDE19817C7B12C00C47B65 /* Annotation.m */,
				84BDE19917C7B12C00C47B65 /* ConnectionThread.h */,
				84BDE19A17C7B12C00C47B65 /* ConnectionThread.m */,
				84BDE19B17C7B12C00C47B65 /* LogEntry.h */,
				84BDE19C17C7B12C00C47B65 /* LogEntry.m */,
				84BDE19D17C7B12C00C47B65 /* Logs.h */,
				84BDE19E17C7B12C00C47B65 /* Logs.m */,
				84BDE18517C7B11000C47B65 /* mqttitudeAppDelegate.h */,
				84BDE18617C7B11000C47B65 /* mqttitudeAppDelegate.m */,
				84BDE18717C7B11000C47B65 /* mqttitudeIndicatorView.h */,
				84BDE18817C7B11000C47B65 /* mqttitudeIndicatorView.m */,
				84BDE18917C7B11000C47B65 /* mqttitudeLogTVCViewController.h */,
				84BDE18A17C7B11000C47B65 /* mqttitudeLogTVCViewController.m */,
				84BDE18B17C7B11000C47B65 /* mqttitudeQoSTVC.h */,
				84BDE18C17C7B11000C47B65 /* mqttitudeQoSTVC.m */,
				84BDE18D17C7B11000C47B65 /* mqttitudeSettingsTVCViewController.h */,
				84BDE18E17C7B11000C47B65 /* mqttitudeSettingsTVCViewController.m */,
				84BDE18F17C7B11000C47B65 /* mqttitudeViewController.h */,
				84BDE19017C7B11000C47B65 /* mqttitudeViewController.m */,
				84F93C0317C027F60060E809 /* MainStoryboard_iPhone.storyboard */,
				84F93C0517C029580060E809 /* Localizable.strings */,
				84CF9A0F17BEED5B00E1333C /* Supporting Files */,
			);
			path = mqttitude;
			sourceTree = "<group>";
		};
		84CF9A0F17BEED5B00E1333C /* Supporting Files */ = {
			isa = PBXGroup;
			children = (
				84CF9A1017BEED5B00E1333C /* mqttitude-Info.plist */,
				84CF9A1417BEED5B00E1333C /* main.m */,
				84CF9A1617BEED5B00E1333C /* mqttitude-Prefix.pch */,
				84CF9A1A17BEED5B00E1333C /* Default.png */,
				84CF9A1C17BEED5B00E1333C /* Default@2x.png */,
				84CF9A1E17BEED5B00E1333C /* Default-568h@2x.png */,
			);
			name = "Supporting Files";
			sourceTree = "<group>";
		};
/* End PBXGroup section */

/* Begin PBXNativeTarget section */
		84CF9A0417BEED5B00E1333C /* MQTTitude */ = {
			isa = PBXNativeTarget;
			buildConfigurationList = 84CF9A2B17BEED5B00E1333C /* Build configuration list for PBXNativeTarget "MQTTitude" */;
			buildPhases = (
				84CF9A0117BEED5B00E1333C /* Sources */,
				84CF9A0217BEED5B00E1333C /* Frameworks */,
				84CF9A0317BEED5B00E1333C /* Resources */,
			);
			buildRules = (
			);
			dependencies = (
			);
			name = MQTTitude;
			productName = mqttitude;
			productReference = 84CF9A0517BEED5B00E1333C /* MQTTitude.app */;
			productType = "com.apple.product-type.application";
		};
/* End PBXNativeTarget section */

/* Begin PBXProject section */
		84CF99FD17BEED5B00E1333C /* Project object */ = {
			isa = PBXProject;
			attributes = {
				CLASSPREFIX = mqttitude;
				LastUpgradeCheck = 0460;
				ORGANIZATIONNAME = "Christoph Krey";
			};
			buildConfigurationList = 84CF9A0017BEED5B00E1333C /* Build configuration list for PBXProject "mqttitude" */;
			compatibilityVersion = "Xcode 3.2";
			developmentRegion = English;
			hasScannedForEncodings = 0;
			knownRegions = (
				en,
				Base,
				de,
			);
			mainGroup = 84CF99FC17BEED5B00E1333C;
			productRefGroup = 84CF9A0617BEED5B00E1333C /* Products */;
			projectDirPath = "";
			projectRoot = "";
			targets = (
				84CF9A0417BEED5B00E1333C /* MQTTitude */,
			);
		};
/* End PBXProject section */

/* Begin PBXResourcesBuildPhase section */
		84CF9A0317BEED5B00E1333C /* Resources */ = {
			isa = PBXResourcesBuildPhase;
			buildActionMask = 2147483647;
			files = (
				84CF9A1B17BEED5B00E1333C /* Default.png in Resources */,
				84CF9A1D17BEED5B00E1333C /* Default@2x.png in Resources */,
				84CF9A1F17BEED5B00E1333C /* Default-568h@2x.png in Resources */,
				84F93C0117C027F60060E809 /* MainStoryboard_iPhone.storyboard in Resources */,
				84F93C0717C029580060E809 /* Localizable.strings in Resources */,
				84BDE1A817C7B15F00C47B65 /* icon_57x57.png in Resources */,
				84BDE1AA17C7B16800C47B65 /* icon_114x114.png in Resources */,
				84BDE1BF17C7B3B800C47B65 /* iTunesArtwork in Resources */,
				84BDE1C017C7B3B800C47B65 /* iTunesArtwork.png in Resources */,
				84BDE1C117C7B3B800C47B65 /* iTunesArtwork@2x in Resources */,
				84BDE1C217C7B3B800C47B65 /* iTunesArtwork@2x.png in Resources */,
				84BDE1C517C7B46F00C47B65 /* icon_72x72.png in Resources */,
				84BDE1C617C7B46F00C47B65 /* icon_144x144.png in Resources */,
			);
			runOnlyForDeploymentPostprocessing = 0;
		};
/* End PBXResourcesBuildPhase section */

/* Begin PBXSourcesBuildPhase section */
		84CF9A0117BEED5B00E1333C /* Sources */ = {
			isa = PBXSourcesBuildPhase;
			buildActionMask = 2147483647;
			files = (
				84CF9A1517BEED5B00E1333C /* main.m in Sources */,
				84BDE19117C7B11000C47B65 /* mqttitudeAppDelegate.m in Sources */,
				84BDE19217C7B11000C47B65 /* mqttitudeIndicatorView.m in Sources */,
				84BDE19317C7B11000C47B65 /* mqttitudeLogTVCViewController.m in Sources */,
				84BDE19417C7B11000C47B65 /* mqttitudeQoSTVC.m in Sources */,
				84BDE19517C7B11000C47B65 /* mqttitudeSettingsTVCViewController.m in Sources */,
				84BDE19617C7B11000C47B65 /* mqttitudeViewController.m in Sources */,
				84BDE19F17C7B12C00C47B65 /* Annotation.m in Sources */,
				84BDE1A017C7B12C00C47B65 /* ConnectionThread.m in Sources */,
				84BDE1A117C7B12C00C47B65 /* LogEntry.m in Sources */,
				84BDE1A217C7B12C00C47B65 /* Logs.m in Sources */,
				84BDE1B617C7B1D600C47B65 /* MQTTDecoder.m in Sources */,
				84BDE1B717C7B1D600C47B65 /* MQTTEncoder.m in Sources */,
				84BDE1B817C7B1D600C47B65 /* MQTTMessage.m in Sources */,
				84BDE1B917C7B1D600C47B65 /* MQTTSession.m in Sources */,
				84BDE1BA17C7B1D600C47B65 /* MQttTxFlow.m in Sources */,
			);
			runOnlyForDeploymentPostprocessing = 0;
		};
/* End PBXSourcesBuildPhase section */

/* Begin PBXVariantGroup section */
		84F93C0317C027F60060E809 /* MainStoryboard_iPhone.storyboard */ = {
			isa = PBXVariantGroup;
			children = (
				84F93C0417C028690060E809 /* Base */,
				8408E30417C21A5700068C49 /* de */,
				847C9EF617C3DE3A00109BD1 /* en */,
			);
			name = MainStoryboard_iPhone.storyboard;
			sourceTree = "<group>";
		};
		84F93C0517C029580060E809 /* Localizable.strings */ = {
			isa = PBXVariantGroup;
			children = (
				84F93C0617C029580060E809 /* en */,
				84F93C0917C02A030060E809 /* de */,
			);
			name = Localizable.strings;
			sourceTree = "<group>";
		};
/* End PBXVariantGroup section */

/* Begin XCBuildConfiguration section */
		84CF9A2917BEED5B00E1333C /* Debug */ = {
			isa = XCBuildConfiguration;
			buildSettings = {
				ALWAYS_SEARCH_USER_PATHS = NO;
				CLANG_CXX_LANGUAGE_STANDARD = "gnu++0x";
				CLANG_CXX_LIBRARY = "libc++";
				CLANG_ENABLE_OBJC_ARC = YES;
				CLANG_WARN_CONSTANT_CONVERSION = YES;
				CLANG_WARN_EMPTY_BODY = YES;
				CLANG_WARN_ENUM_CONVERSION = YES;
				CLANG_WARN_INT_CONVERSION = YES;
				CLANG_WARN__DUPLICATE_METHOD_MATCH = YES;
				"CODE_SIGN_IDENTITY[sdk=iphoneos*]" = "iPhone Developer";
				COPY_PHASE_STRIP = NO;
				GCC_C_LANGUAGE_STANDARD = gnu99;
				GCC_DYNAMIC_NO_PIC = NO;
				GCC_OPTIMIZATION_LEVEL = 0;
				GCC_PREPROCESSOR_DEFINITIONS = (
					"DEBUG=1",
					"$(inherited)",
				);
				GCC_SYMBOLS_PRIVATE_EXTERN = NO;
				GCC_WARN_ABOUT_RETURN_TYPE = YES;
				GCC_WARN_UNINITIALIZED_AUTOS = YES;
				GCC_WARN_UNUSED_VARIABLE = YES;
				IPHONEOS_DEPLOYMENT_TARGET = 6.1;
				"LIBRARY_SEARCH_PATHS[arch=armv7s]" = "";
				ONLY_ACTIVE_ARCH = YES;
				SDKROOT = iphoneos;
				TARGETED_DEVICE_FAMILY = "1,2";
			};
			name = Debug;
		};
		84CF9A2A17BEED5B00E1333C /* Release */ = {
			isa = XCBuildConfiguration;
			buildSettings = {
				ALWAYS_SEARCH_USER_PATHS = NO;
				CLANG_CXX_LANGUAGE_STANDARD = "gnu++0x";
				CLANG_CXX_LIBRARY = "libc++";
				CLANG_ENABLE_OBJC_ARC = YES;
				CLANG_WARN_CONSTANT_CONVERSION = YES;
				CLANG_WARN_EMPTY_BODY = YES;
				CLANG_WARN_ENUM_CONVERSION = YES;
				CLANG_WARN_INT_CONVERSION = YES;
				CLANG_WARN__DUPLICATE_METHOD_MATCH = YES;
				"CODE_SIGN_IDENTITY[sdk=iphoneos*]" = "iPhone Developer";
				COPY_PHASE_STRIP = YES;
				GCC_C_LANGUAGE_STANDARD = gnu99;
				GCC_WARN_ABOUT_RETURN_TYPE = YES;
				GCC_WARN_UNINITIALIZED_AUTOS = YES;
				GCC_WARN_UNUSED_VARIABLE = YES;
				IPHONEOS_DEPLOYMENT_TARGET = 6.1;
				OTHER_CFLAGS = "-DNS_BLOCK_ASSERTIONS=1";
				SDKROOT = iphoneos;
				TARGETED_DEVICE_FAMILY = "1,2";
				VALIDATE_PRODUCT = YES;
			};
			name = Release;
		};
		84CF9A2C17BEED5B00E1333C /* Debug */ = {
			isa = XCBuildConfiguration;
			buildSettings = {
				GCC_PRECOMPILE_PREFIX_HEADER = YES;
				GCC_PREFIX_HEADER = "mqttitude/mqttitude-Prefix.pch";
				INFOPLIST_FILE = "mqttitude/mqttitude-Info.plist";
				IPHONEOS_DEPLOYMENT_TARGET = 6.1;
				PRODUCT_NAME = "$(TARGET_NAME)";
				TARGETED_DEVICE_FAMILY = 1;
				WRAPPER_EXTENSION = app;
			};
			name = Debug;
		};
		84CF9A2D17BEED5B00E1333C /* Release */ = {
			isa = XCBuildConfiguration;
			buildSettings = {
				GCC_PRECOMPILE_PREFIX_HEADER = YES;
				GCC_PREFIX_HEADER = "mqttitude/mqttitude-Prefix.pch";
				INFOPLIST_FILE = "mqttitude/mqttitude-Info.plist";
				IPHONEOS_DEPLOYMENT_TARGET = 6.1;
				PRODUCT_NAME = "$(TARGET_NAME)";
				TARGETED_DEVICE_FAMILY = 1;
				WRAPPER_EXTENSION = app;
			};
			name = Release;
		};
/* End XCBuildConfiguration section */

/* Begin XCConfigurationList section */
		84CF9A0017BEED5B00E1333C /* Build configuration list for PBXProject "mqttitude" */ = {
			isa = XCConfigurationList;
			buildConfigurations = (
				84CF9A2917BEED5B00E1333C /* Debug */,
				84CF9A2A17BEED5B00E1333C /* Release */,
			);
			defaultConfigurationIsVisible = 0;
			defaultConfigurationName = Release;
		};
		84CF9A2B17BEED5B00E1333C /* Build configuration list for PBXNativeTarget "MQTTitude" */ = {
			isa = XCConfigurationList;
			buildConfigurations = (
				84CF9A2C17BEED5B00E1333C /* Debug */,
				84CF9A2D17BEED5B00E1333C /* Release */,
			);
			defaultConfigurationIsVisible = 0;
			defaultConfigurationName = Release;
		};
/* End XCConfigurationList section */
	};
	rootObject = 84CF99FD17BEED5B00E1333C /* Project object */;
}
